
Microsoft Visual Studio Solution File, Format Version 12.00
# Visual Studio Version 17
VisualStudioVersion = 17.2.32602.215
MinimumVisualStudioVersion = 10.0.40219.1
Project("{FAE04EC0-301F-11D3-BF4B-00C04F79EFBC}") = "LoginForm", "LoginForm.csproj", "{4CD19250-67DB-45DC-AFB1-38F1743E1CDD}"
EndProject
Global
	GlobalSection(SolutionConfigurationPlatforms) = preSolution
		Debug|Any CPU = Debug|Any CPU
		Release|Any CPU = Release|Any CPU
	EndGlobalSection
	GlobalSection(ProjectConfigurationPlatforms) = postSolution
		{4CD19250-67DB-45DC-AFB1-38F1743E1CDD}.Debug|Any CPU.ActiveCfg = Debug|Any CPU
		{4CD19250-67DB-45DC-AFB1-38F1743E1CDD}.Debug|Any CPU.Build.0 = Debug|Any CPU
		{4CD19250-67DB-45DC-AFB1-38F1743E1CDD}.Release|Any CPU.ActiveCfg = Release|Any CPU
		{4CD19250-67DB-45DC-AFB1-38F1743E1CDD}.Release|Any CPU.Build.0 = Release|Any CPU
	EndGlobalSection
	GlobalSection(SolutionProperties) = preSolution
		HideSolutionNode = FALSE
	EndGlobalSection
	GlobalSection(ExtensibilityGlobals) = postSolution
		SolutionGuid = {20CC2301-EEEB-4DB8-AFF5-81B9A996EBEE}
	EndGlobalSection
EndGlobal
